
Microsoft Visual Studio Solution File, Format Version 12.00
# Visual Studio Version 17
VisualStudioVersion = 17.10.35013.160
MinimumVisualStudioVersion = 10.0.40219.1
Project("{FAE04EC0-301F-11D3-BF4B-00C04F79EFBC}") = "ConsoleUI", "ConsoleUI\ConsoleUI.csproj", "{5B9BFE20-9FA0-4B5E-89D6-A1DA8DA40579}"
EndProject
Project("{FAE04EC0-301F-11D3-BF4B-00C04F79EFBC}") = "DemoLibrary", "DemoLibrary\DemoLibrary.csproj", "{AE8251D3-BFA7-4432-96E0-FC7B27F246B0}"
EndProject
Global
	GlobalSection(SolutionConfigurationPlatforms) = preSolution
		Debug|Any CPU = Debug|Any CPU
		Release|Any CPU = Release|Any CPU
	EndGlobalSection
	GlobalSection(ProjectConfigurationPlatforms) = postSolution
		{5B9BFE20-9FA0-4B5E-89D6-A1DA8DA40579}.Debug|Any CPU.ActiveCfg = Debug|Any CPU
		{5B9BFE20-9FA0-4B5E-89D6-A1DA8DA40579}.Debug|Any CPU.Build.0 = Debug|Any CPU
		{5B9BFE20-9FA0-4B5E-89D6-A1DA8DA40579}.Release|Any CPU.ActiveCfg = Release|Any CPU
		{5B9BFE20-9FA0-4B5E-89D6-A1DA8DA40579}.Release|Any CPU.Build.0 = Release|Any CPU
		{AE8251D3-BFA7-4432-96E0-FC7B27F246B0}.Debug|Any CPU.ActiveCfg = Debug|Any CPU
		{AE8251D3-BFA7-4432-96E0-FC7B27F246B0}.Debug|Any CPU.Build.0 = Debug|Any CPU
		{AE8251D3-BFA7-4432-96E0-FC7B27F246B0}.Release|Any CPU.ActiveCfg = Release|Any CPU
		{AE8251D3-BFA7-4432-96E0-FC7B27F246B0}.Release|Any CPU.Build.0 = Release|Any CPU
	EndGlobalSection
	GlobalSection(SolutionProperties) = preSolution
		HideSolutionNode = FALSE
	EndGlobalSection
	GlobalSection(ExtensibilityGlobals) = postSolution
		SolutionGuid = {882B8F8C-231F-41C0-993F-934499D56016}
	EndGlobalSection
EndGlobal
