
Microsoft Visual Studio Solution File, Format Version 12.00
# Visual Studio Version 17
VisualStudioVersion = 17.10.35013.160
MinimumVisualStudioVersion = 10.0.40219.1
Project("{FAE04EC0-301F-11D3-BF4B-00C04F79EFBC}") = "ConsoleUI", "ConsoleUI\ConsoleUI.csproj", "{28D4D3BF-5092-4C42-97DB-D709465F2474}"
EndProject
Project("{FAE04EC0-301F-11D3-BF4B-00C04F79EFBC}") = "DemoLibrary", "DemoLibrary\DemoLibrary.csproj", "{648D4EF9-EAC0-4E61-8556-D62C90055819}"
EndProject
Global
	GlobalSection(SolutionConfigurationPlatforms) = preSolution
		Debug|Any CPU = Debug|Any CPU
		Release|Any CPU = Release|Any CPU
	EndGlobalSection
	GlobalSection(ProjectConfigurationPlatforms) = postSolution
		{28D4D3BF-5092-4C42-97DB-D709465F2474}.Debug|Any CPU.ActiveCfg = Debug|Any CPU
		{28D4D3BF-5092-4C42-97DB-D709465F2474}.Debug|Any CPU.Build.0 = Debug|Any CPU
		{28D4D3BF-5092-4C42-97DB-D709465F2474}.Release|Any CPU.ActiveCfg = Release|Any CPU
		{28D4D3BF-5092-4C42-97DB-D709465F2474}.Release|Any CPU.Build.0 = Release|Any CPU
		{648D4EF9-EAC0-4E61-8556-D62C90055819}.Debug|Any CPU.ActiveCfg = Debug|Any CPU
		{648D4EF9-EAC0-4E61-8556-D62C90055819}.Debug|Any CPU.Build.0 = Debug|Any CPU
		{648D4EF9-EAC0-4E61-8556-D62C90055819}.Release|Any CPU.ActiveCfg = Release|Any CPU
		{648D4EF9-EAC0-4E61-8556-D62C90055819}.Release|Any CPU.Build.0 = Release|Any CPU
	EndGlobalSection
	GlobalSection(SolutionProperties) = preSolution
		HideSolutionNode = FALSE
	EndGlobalSection
	GlobalSection(ExtensibilityGlobals) = postSolution
		SolutionGuid = {A641D1FB-005F-4339-883F-786B98F005B7}
	EndGlobalSection
EndGlobal
